
Microsoft Visual Studio Solution File, Format Version 12.00
# Visual Studio Version 16
VisualStudioVersion = 16.0.30621.155
MinimumVisualStudioVersion = 10.0.40219.1
Project("{9A19103F-16F7-4668-BE54-9A1E7A4F7556}") = "StatiqTutorial", "StatiqTutorial.csproj", "{48F77B56-AEE7-4E4F-A7FD-81926D671C71}"
EndProject
Global
	GlobalSection(SolutionConfigurationPlatforms) = preSolution
		Debug|Any CPU = Debug|Any CPU
		Release|Any CPU = Release|Any CPU
	EndGlobalSection
	GlobalSection(ProjectConfigurationPlatforms) = postSolution
		{48F77B56-AEE7-4E4F-A7FD-81926D671C71}.Debug|Any CPU.ActiveCfg = Debug|Any CPU
		{48F77B56-AEE7-4E4F-A7FD-81926D671C71}.Debug|Any CPU.Build.0 = Debug|Any CPU
		{48F77B56-AEE7-4E4F-A7FD-81926D671C71}.Release|Any CPU.ActiveCfg = Release|Any CPU
		{48F77B56-AEE7-4E4F-A7FD-81926D671C71}.Release|Any CPU.Build.0 = Release|Any CPU
	EndGlobalSection
	GlobalSection(SolutionProperties) = preSolution
		HideSolutionNode = FALSE
	EndGlobalSection
	GlobalSection(ExtensibilityGlobals) = postSolution
		SolutionGuid = {375EF34A-0301-45A6-8C8F-5C54DA1A780F}
	EndGlobalSection
EndGlobal
